Microsoft Visual Studio Solution File, Format Version 11.00
# Visual Studio 2008

Project("{8AF0F5C3-EDAD-8D8E-158F-F27B9F03AFAC}") = "Learning", "Assembly-CSharp-firstpass.csproj", "{4F51B09A-AEEA-6E1C-829A-00275BB700B3}"
EndProject
Project("{8AF0F5C3-EDAD-8D8E-158F-F27B9F03AFAC}") = "Learning", "Assembly-CSharp.csproj", "{32735DBE-EA04-BA93-51D8-1BE73F9E6252}"
EndProject
Project("{8AF0F5C3-EDAD-8D8E-158F-F27B9F03AFAC}") = "Learning", "Assembly-CSharp-Editor.csproj", "{96F3A488-42C7-8750-28B4-48B7F156C97D}"
EndProject
Project("{8AF0F5C3-EDAD-8D8E-158F-F27B9F03AFAC}") = "Learning", "Assembly-UnityScript.unityproj", "{0C34A0F1-6FC2-7950-34D5-CAC48C515634}"
EndProject
Global
	GlobalSection(SolutionConfigurationPlatforms) = preSolution
		Debug|Any CPU = Debug|Any CPU
		Release|Any CPU = Release|Any CPU
	EndGlobalSection
	GlobalSection(ProjectConfigurationPlatforms) = postSolution
		{4F51B09A-AEEA-6E1C-829A-00275BB700B3}.Debug|Any CPU.ActiveCfg = Debug|Any CPU
		{4F51B09A-AEEA-6E1C-829A-00275BB700B3}.Debug|Any CPU.Build.0 = Debug|Any CPU
		{4F51B09A-AEEA-6E1C-829A-00275BB700B3}.Release|Any CPU.ActiveCfg = Release|Any CPU
		{4F51B09A-AEEA-6E1C-829A-00275BB700B3}.Release|Any CPU.Build.0 = Release|Any CPU
		{32735DBE-EA04-BA93-51D8-1BE73F9E6252}.Debug|Any CPU.ActiveCfg = Debug|Any CPU
		{32735DBE-EA04-BA93-51D8-1BE73F9E6252}.Debug|Any CPU.Build.0 = Debug|Any CPU
		{32735DBE-EA04-BA93-51D8-1BE73F9E6252}.Release|Any CPU.ActiveCfg = Release|Any CPU
		{32735DBE-EA04-BA93-51D8-1BE73F9E6252}.Release|Any CPU.Build.0 = Release|Any CPU
		{96F3A488-42C7-8750-28B4-48B7F156C97D}.Debug|Any CPU.ActiveCfg = Debug|Any CPU
		{96F3A488-42C7-8750-28B4-48B7F156C97D}.Debug|Any CPU.Build.0 = Debug|Any CPU
		{96F3A488-42C7-8750-28B4-48B7F156C97D}.Release|Any CPU.ActiveCfg = Release|Any CPU
		{96F3A488-42C7-8750-28B4-48B7F156C97D}.Release|Any CPU.Build.0 = Release|Any CPU
		{0C34A0F1-6FC2-7950-34D5-CAC48C515634}.Debug|Any CPU.ActiveCfg = Debug|Any CPU
		{0C34A0F1-6FC2-7950-34D5-CAC48C515634}.Debug|Any CPU.Build.0 = Debug|Any CPU
		{0C34A0F1-6FC2-7950-34D5-CAC48C515634}.Release|Any CPU.ActiveCfg = Release|Any CPU
		{0C34A0F1-6FC2-7950-34D5-CAC48C515634}.Release|Any CPU.Build.0 = Release|Any CPU
	EndGlobalSection
	GlobalSection(SolutionProperties) = preSolution
		HideSolutionNode = FALSE
	EndGlobalSection
	GlobalSection(MonoDevelopProperties) = preSolution
		StartupItem = Assembly-CSharp.csproj
	EndGlobalSection
EndGlobal
